{
  "name": "9331037_mohammadamir_salari",
  "version": "1.0.0",
  "lockfileVersion": 1,
  "requires": true,
  "dependencies": {
    "vue-carousel": {
      "version": "0.6.5",
      "resolved": "https://registry.npmjs.org/vue-carousel/-/vue-carousel-0.6.5.tgz",
      "integrity": "sha1-8E5Ehc5qwkBOr/GGkj960FeDkgU="
    }
  }
}
